
Microsoft Visual Studio Solution File, Format Version 12.00
# Visual Studio 15
VisualStudioVersion = 15.0.28010.2050
MinimumVisualStudioVersion = 10.0.40219.1
Project("{FAE04EC0-301F-11D3-BF4B-00C04F79EFBC}") = "LoggerTest.Android", "LoggerTest\LoggerTest.Android\LoggerTest.Android.csproj", "{BB6A5111-919C-4B63-BA14-456AFB472C29}"
EndProject
Project("{FAE04EC0-301F-11D3-BF4B-00C04F79EFBC}") = "LoggerTest.iOS", "LoggerTest\LoggerTest.iOS\LoggerTest.iOS.csproj", "{624CBFFC-434F-43D9-AECD-7185626532F2}"
EndProject
Project("{FAE04EC0-301F-11D3-BF4B-00C04F79EFBC}") = "LoggerTest.UWP", "LoggerTest\LoggerTest.UWP\LoggerTest.UWP.csproj", "{0F3921A1-CE33-41C5-A600-CF7F78193C2B}"
EndProject
Project("{FAE04EC0-301F-11D3-BF4B-00C04F79EFBC}") = "LoggerTest", "LoggerTest\LoggerTest\LoggerTest.csproj", "{57272016-5C7C-4549-B3EF-13174F32838B}"
EndProject
Global
	GlobalSection(SolutionConfigurationPlatforms) = preSolution
		Ad-Hoc|Any CPU = Ad-Hoc|Any CPU
		Ad-Hoc|ARM = Ad-Hoc|ARM
		Ad-Hoc|iPhone = Ad-Hoc|iPhone
		Ad-Hoc|iPhoneSimulator = Ad-Hoc|iPhoneSimulator
		Ad-Hoc|x64 = Ad-Hoc|x64
		Ad-Hoc|x86 = Ad-Hoc|x86
		AppStore|Any CPU = AppStore|Any CPU
		AppStore|ARM = AppStore|ARM
		AppStore|iPhone = AppStore|iPhone
		AppStore|iPhoneSimulator = AppStore|iPhoneSimulator
		AppStore|x64 = AppStore|x64
		AppStore|x86 = AppStore|x86
		Debug|Any CPU = Debug|Any CPU
		Debug|ARM = Debug|ARM
		Debug|iPhone = Debug|iPhone
		Debug|iPhoneSimulator = Debug|iPhoneSimulator
		Debug|x64 = Debug|x64
		Debug|x86 = Debug|x86
		Release|Any CPU = Release|Any CPU
		Release|ARM = Release|ARM
		Release|iPhone = Release|iPhone
		Release|iPhoneSimulator = Release|iPhoneSimulator
		Release|x64 = Release|x64
		Release|x86 = Release|x86
	EndGlobalSection
	GlobalSection(ProjectConfigurationPlatforms) = postSolution
		{BB6A5111-919C-4B63-BA14-456AFB472C29}.Ad-Hoc|Any CPU.ActiveCfg = Release|Any CPU
		{BB6A5111-919C-4B63-BA14-456AFB472C29}.Ad-Hoc|Any CPU.Build.0 = Release|Any CPU
		{BB6A5111-919C-4B63-BA14-456AFB472C29}.Ad-Hoc|Any CPU.Deploy.0 = Release|Any CPU
		{BB6A5111-919C-4B63-BA14-456AFB472C29}.Ad-Hoc|ARM.ActiveCfg = Release|Any CPU
		{BB6A5111-919C-4B63-BA14-456AFB472C29}.Ad-Hoc|ARM.Build.0 = Release|Any CPU
		{BB6A5111-919C-4B63-BA14-456AFB472C29}.Ad-Hoc|ARM.Deploy.0 = Release|Any CPU
		{BB6A5111-919C-4B63-BA14-456AFB472C29}.Ad-Hoc|iPhone.ActiveCfg = Release|Any CPU
		{BB6A5111-919C-4B63-BA14-456AFB472C29}.Ad-Hoc|iPhone.Build.0 = Release|Any CPU
		{BB6A5111-919C-4B63-BA14-456AFB472C29}.Ad-Hoc|iPhone.Deploy.0 = Release|Any CPU
		{BB6A5111-919C-4B63-BA14-456AFB472C29}.Ad-Hoc|iPhoneSimulator.ActiveCfg = Release|Any CPU
		{BB6A5111-919C-4B63-BA14-456AFB472C29}.Ad-Hoc|iPhoneSimulator.Build.0 = Release|Any CPU
		{BB6A5111-919C-4B63-BA14-456AFB472C29}.Ad-Hoc|iPhoneSimulator.Deploy.0 = Release|Any CPU
		{BB6A5111-919C-4B63-BA14-456AFB472C29}.Ad-Hoc|x64.ActiveCfg = Release|Any CPU
		{BB6A5111-919C-4B63-BA14-456AFB472C29}.Ad-Hoc|x64.Build.0 = Release|Any CPU
		{BB6A5111-919C-4B63-BA14-456AFB472C29}.Ad-Hoc|x64.Deploy.0 = Release|Any CPU
		{BB6A5111-919C-4B63-BA14-456AFB472C29}.Ad-Hoc|x86.ActiveCfg = Release|Any CPU
		{BB6A5111-919C-4B63-BA14-456AFB472C29}.Ad-Hoc|x86.Build.0 = Release|Any CPU
		{BB6A5111-919C-4B63-BA14-456AFB472C29}.Ad-Hoc|x86.Deploy.0 = Release|Any CPU
		{BB6A5111-919C-4B63-BA14-456AFB472C29}.AppStore|Any CPU.ActiveCfg = Release|Any CPU
		{BB6A5111-919C-4B63-BA14-456AFB472C29}.AppStore|Any CPU.Build.0 = Release|Any CPU
		{BB6A5111-919C-4B63-BA14-456AFB472C29}.AppStore|Any CPU.Deploy.0 = Release|Any CPU
		{BB6A5111-919C-4B63-BA14-456AFB472C29}.AppStore|ARM.ActiveCfg = Release|Any CPU
		{BB6A5111-919C-4B63-BA14-456AFB472C29}.AppStore|ARM.Build.0 = Release|Any CPU
		{BB6A5111-919C-4B63-BA14-456AFB472C29}.AppStore|ARM.Deploy.0 = Release|Any CPU
		{BB6A5111-919C-4B63-BA14-456AFB472C29}.AppStore|iPhone.ActiveCfg = Release|Any CPU
		{BB6A5111-919C-4B63-BA14-456AFB472C29}.AppStore|iPhone.Build.0 = Release|Any CPU
		{BB6A5111-919C-4B63-BA14-456AFB472C29}.AppStore|iPhone.Deploy.0 = Release|Any CPU
		{BB6A5111-919C-4B63-BA14-456AFB472C29}.AppStore|iPhoneSimulator.ActiveCfg = Release|Any CPU
		{BB6A5111-919C-4B63-BA14-456AFB472C29}.AppStore|iPhoneSimulator.Build.0 = Release|Any CPU
		{BB6A5111-919C-4B63-BA14-456AFB472C29}.AppStore|iPhoneSimulator.Deploy.0 = Release|Any CPU
		{BB6A5111-919C-4B63-BA14-456AFB472C29}.AppStore|x64.ActiveCfg = Release|Any CPU
		{BB6A5111-919C-4B63-BA14-456AFB472C29}.AppStore|x64.Build.0 = Release|Any CPU
		{BB6A5111-919C-4B63-BA14-456AFB472C29}.AppStore|x64.Deploy.0 = Release|Any CPU
		{BB6A5111-919C-4B63-BA14-456AFB472C29}.AppStore|x86.ActiveCfg = Release|Any CPU
		{BB6A5111-919C-4B63-BA14-456AFB472C29}.AppStore|x86.Build.0 = Release|Any CPU
		{BB6A5111-919C-4B63-BA14-456AFB472C29}.AppStore|x86.Deploy.0 = Release|Any CPU
		{BB6A5111-919C-4B63-BA14-456AFB472C29}.Debug|Any CPU.ActiveCfg = Debug|Any CPU
		{BB6A5111-919C-4B63-BA14-456AFB472C29}.Debug|Any CPU.Build.0 = Debug|Any CPU
		{BB6A5111-919C-4B63-BA14-456AFB472C29}.Debug|Any CPU.Deploy.0 = Debug|Any CPU
		{BB6A5111-919C-4B63-BA14-456AFB472C29}.Debug|ARM.ActiveCfg = Debug|Any CPU
		{BB6A5111-919C-4B63-BA14-456AFB472C29}.Debug|ARM.Build.0 = Debug|Any CPU
		{BB6A5111-919C-4B63-BA14-456AFB472C29}.Debug|ARM.Deploy.0 = Debug|Any CPU
		{BB6A5111-919C-4B63-BA14-456AFB472C29}.Debug|iPhone.ActiveCfg = Debug|Any CPU
		{BB6A5111-919C-4B63-BA14-456AFB472C29}.Debug|iPhone.Build.0 = Debug|Any CPU
		{BB6A5111-919C-4B63-BA14-456AFB472C29}.Debug|iPhone.Deploy.0 = Debug|Any CPU
		{BB6A5111-919C-4B63-BA14-456AFB472C29}.Debug|iPhoneSimulator.ActiveCfg = Debug|Any CPU
		{BB6A5111-919C-4B63-BA14-456AFB472C29}.Debug|iPhoneSimulator.Build.0 = Debug|Any CPU
		{BB6A5111-919C-4B63-BA14-456AFB472C29}.Debug|iPhoneSimulator.Deploy.0 = Debug|Any CPU
		{BB6A5111-919C-4B63-BA14-456AFB472C29}.Debug|x64.ActiveCfg = Debug|Any CPU
		{BB6A5111-919C-4B63-BA14-456AFB472C29}.Debug|x64.Build.0 = Debug|Any CPU
		{BB6A5111-919C-4B63-BA14-456AFB472C29}.Debug|x64.Deploy.0 = Debug|Any CPU
		{BB6A5111-919C-4B63-BA14-456AFB472C29}.Debug|x86.ActiveCfg = Debug|Any CPU
		{BB6A5111-919C-4B63-BA14-456AFB472C29}.Debug|x86.Build.0 = Debug|Any CPU
		{BB6A5111-919C-4B63-BA14-456AFB472C29}.Debug|x86.Deploy.0 = Debug|Any CPU
		{BB6A5111-919C-4B63-BA14-456AFB472C29}.Release|Any CPU.ActiveCfg = Release|Any CPU
		{BB6A5111-919C-4B63-BA14-456AFB472C29}.Release|Any CPU.Build.0 = Release|Any CPU
		{BB6A5111-919C-4B63-BA14-456AFB472C29}.Release|Any CPU.Deploy.0 = Release|Any CPU
		{BB6A5111-919C-4B63-BA14-456AFB472C29}.Release|ARM.ActiveCfg = Release|Any CPU
		{BB6A5111-919C-4B63-BA14-456AFB472C29}.Release|ARM.Build.0 = Release|Any CPU
		{BB6A5111-919C-4B63-BA14-456AFB472C29}.Release|ARM.Deploy.0 = Release|Any CPU
		{BB6A5111-919C-4B63-BA14-456AFB472C29}.Release|iPhone.ActiveCfg = Release|Any CPU
		{BB6A5111-919C-4B63-BA14-456AFB472C29}.Release|iPhone.Build.0 = Release|Any CPU
		{BB6A5111-919C-4B63-BA14-456AFB472C29}.Release|iPhone.Deploy.0 = Release|Any CPU
		{BB6A5111-919C-4B63-BA14-456AFB472C29}.Release|iPhoneSimulator.ActiveCfg = Release|Any CPU
		{BB6A5111-919C-4B63-BA14-456AFB472C29}.Release|iPhoneSimulator.Build.0 = Release|Any CPU
		{BB6A5111-919C-4B63-BA14-456AFB472C29}.Release|iPhoneSimulator.Deploy.0 = Release|Any CPU
		{BB6A5111-919C-4B63-BA14-456AFB472C29}.Release|x64.ActiveCfg = Release|Any CPU
		{BB6A5111-919C-4B63-BA14-456AFB472C29}.Release|x64.Build.0 = Release|Any CPU
		{BB6A5111-919C-4B63-BA14-456AFB472C29}.Release|x64.Deploy.0 = Release|Any CPU
		{BB6A5111-919C-4B63-BA14-456AFB472C29}.Release|x86.ActiveCfg = Release|Any CPU
		{BB6A5111-919C-4B63-BA14-456AFB472C29}.Release|x86.Build.0 = Release|Any CPU
		{BB6A5111-919C-4B63-BA14-456AFB472C29}.Release|x86.Deploy.0 = Release|Any CPU
		{624CBFFC-434F-43D9-AECD-7185626532F2}.Ad-Hoc|Any CPU.ActiveCfg = Ad-Hoc|iPhone
		{624CBFFC-434F-43D9-AECD-7185626532F2}.Ad-Hoc|Any CPU.Build.0 = Ad-Hoc|iPhone
		{624CBFFC-434F-43D9-AECD-7185626532F2}.Ad-Hoc|Any CPU.Deploy.0 = Ad-Hoc|iPhone
		{624CBFFC-434F-43D9-AECD-7185626532F2}.Ad-Hoc|ARM.ActiveCfg = Ad-Hoc|iPhone
		{624CBFFC-434F-43D9-AECD-7185626532F2}.Ad-Hoc|ARM.Build.0 = Ad-Hoc|iPhone
		{624CBFFC-434F-43D9-AECD-7185626532F2}.Ad-Hoc|ARM.Deploy.0 = Ad-Hoc|iPhone
		{624CBFFC-434F-43D9-AECD-7185626532F2}.Ad-Hoc|iPhone.ActiveCfg = Ad-Hoc|iPhone
		{624CBFFC-434F-43D9-AECD-7185626532F2}.Ad-Hoc|iPhone.Build.0 = Ad-Hoc|iPhone
		{624CBFFC-434F-43D9-AECD-7185626532F2}.Ad-Hoc|iPhone.Deploy.0 = Ad-Hoc|iPhone
		{624CBFFC-434F-43D9-AECD-7185626532F2}.Ad-Hoc|iPhoneSimulator.ActiveCfg = Ad-Hoc|iPhoneSimulator
		{624CBFFC-434F-43D9-AECD-7185626532F2}.Ad-Hoc|iPhoneSimulator.Build.0 = Ad-Hoc|iPhoneSimulator
		{624CBFFC-434F-43D9-AECD-7185626532F2}.Ad-Hoc|iPhoneSimulator.Deploy.0 = Ad-Hoc|iPhoneSimulator
		{624CBFFC-434F-43D9-AECD-7185626532F2}.Ad-Hoc|x64.ActiveCfg = Ad-Hoc|iPhone
		{624CBFFC-434F-43D9-AECD-7185626532F2}.Ad-Hoc|x64.Build.0 = Ad-Hoc|iPhone
		{624CBFFC-434F-43D9-AECD-7185626532F2}.Ad-Hoc|x64.Deploy.0 = Ad-Hoc|iPhone
		{624CBFFC-434F-43D9-AECD-7185626532F2}.Ad-Hoc|x86.ActiveCfg = Ad-Hoc|iPhone
		{624CBFFC-434F-43D9-AECD-7185626532F2}.Ad-Hoc|x86.Build.0 = Ad-Hoc|iPhone
		{624CBFFC-434F-43D9-AECD-7185626532F2}.Ad-Hoc|x86.Deploy.0 = Ad-Hoc|iPhone
		{624CBFFC-434F-43D9-AECD-7185626532F2}.AppStore|Any CPU.ActiveCfg = AppStore|iPhone
		{624CBFFC-434F-43D9-AECD-7185626532F2}.AppStore|Any CPU.Build.0 = AppStore|iPhone
		{624CBFFC-434F-43D9-AECD-7185626532F2}.AppStore|Any CPU.Deploy.0 = AppStore|iPhone
		{624CBFFC-434F-43D9-AECD-7185626532F2}.AppStore|ARM.ActiveCfg = AppStore|iPhone
		{624CBFFC-434F-43D9-AECD-7185626532F2}.AppStore|ARM.Build.0 = AppStore|iPhone
		{624CBFFC-434F-43D9-AECD-7185626532F2}.AppStore|ARM.Deploy.0 = AppStore|iPhone
		{624CBFFC-434F-43D9-AECD-7185626532F2}.AppStore|iPhone.ActiveCfg = AppStore|iPhone
		{624CBFFC-434F-43D9-AECD-7185626532F2}.AppStore|iPhone.Build.0 = AppStore|iPhone
		{624CBFFC-434F-43D9-AECD-7185626532F2}.AppStore|iPhone.Deploy.0 = AppStore|iPhone
		{624CBFFC-434F-43D9-AECD-7185626532F2}.AppStore|iPhoneSimulator.ActiveCfg = AppStore|iPhoneSimulator
		{624CBFFC-434F-43D9-AECD-7185626532F2}.AppStore|iPhoneSimulator.Build.0 = AppStore|iPhoneSimulator
		{624CBFFC-434F-43D9-AECD-7185626532F2}.AppStore|iPhoneSimulator.Deploy.0 = AppStore|iPhoneSimulator
		{624CBFFC-434F-43D9-AECD-7185626532F2}.AppStore|x64.ActiveCfg = AppStore|iPhone
		{624CBFFC-434F-43D9-AECD-7185626532F2}.AppStore|x64.Build.0 = AppStore|iPhone
		{624CBFFC-434F-43D9-AECD-7185626532F2}.AppStore|x64.Deploy.0 = AppStore|iPhone
		{624CBFFC-434F-43D9-AECD-7185626532F2}.AppStore|x86.ActiveCfg = AppStore|iPhone
		{624CBFFC-434F-43D9-AECD-7185626532F2}.AppStore|x86.Build.0 = AppStore|iPhone
		{624CBFFC-434F-43D9-AECD-7185626532F2}.AppStore|x86.Deploy.0 = AppStore|iPhone
		{624CBFFC-434F-43D9-AECD-7185626532F2}.Debug|Any CPU.ActiveCfg = Debug|iPhoneSimulator
		{624CBFFC-434F-43D9-AECD-7185626532F2}.Debug|Any CPU.Build.0 = Debug|iPhoneSimulator
		{624CBFFC-434F-43D9-AECD-7185626532F2}.Debug|Any CPU.Deploy.0 = Debug|iPhoneSimulator
		{624CBFFC-434F-43D9-AECD-7185626532F2}.Debug|ARM.ActiveCfg = Debug|iPhone
		{624CBFFC-434F-43D9-AECD-7185626532F2}.Debug|ARM.Build.0 = Debug|iPhone
		{624CBFFC-434F-43D9-AECD-7185626532F2}.Debug|ARM.Deploy.0 = Debug|iPhone
		{624CBFFC-434F-43D9-AECD-7185626532F2}.Debug|iPhone.ActiveCfg = Debug|iPhone
		{624CBFFC-434F-43D9-AECD-7185626532F2}.Debug|iPhone.Build.0 = Debug|iPhone
		{624CBFFC-434F-43D9-AECD-7185626532F2}.Debug|iPhone.Deploy.0 = Debug|iPhone
		{624CBFFC-434F-43D9-AECD-7185626532F2}.Debug|iPhoneSimulator.ActiveCfg = Debug|iPhoneSimulator
		{624CBFFC-434F-43D9-AECD-7185626532F2}.Debug|iPhoneSimulator.Build.0 = Debug|iPhoneSimulator
		{624CBFFC-434F-43D9-AECD-7185626532F2}.Debug|iPhoneSimulator.Deploy.0 = Debug|iPhoneSimulator
		{624CBFFC-434F-43D9-AECD-7185626532F2}.Debug|x64.ActiveCfg = Debug|iPhone
		{624CBFFC-434F-43D9-AECD-7185626532F2}.Debug|x64.Build.0 = Debug|iPhone
		{624CBFFC-434F-43D9-AECD-7185626532F2}.Debug|x64.Deploy.0 = Debug|iPhone
		{624CBFFC-434F-43D9-AECD-7185626532F2}.Debug|x86.ActiveCfg = Debug|iPhone
		{624CBFFC-434F-43D9-AECD-7185626532F2}.Debug|x86.Build.0 = Debug|iPhone
		{624CBFFC-434F-43D9-AECD-7185626532F2}.Debug|x86.Deploy.0 = Debug|iPhone
		{624CBFFC-434F-43D9-AECD-7185626532F2}.Release|Any CPU.ActiveCfg = Release|iPhone
		{624CBFFC-434F-43D9-AECD-7185626532F2}.Release|Any CPU.Build.0 = Release|iPhone
		{624CBFFC-434F-43D9-AECD-7185626532F2}.Release|Any CPU.Deploy.0 = Release|iPhone
		{624CBFFC-434F-43D9-AECD-7185626532F2}.Release|ARM.ActiveCfg = Release|iPhone
		{624CBFFC-434F-43D9-AECD-7185626532F2}.Release|ARM.Build.0 = Release|iPhone
		{624CBFFC-434F-43D9-AECD-7185626532F2}.Release|ARM.Deploy.0 = Release|iPhone
		{624CBFFC-434F-43D9-AECD-7185626532F2}.Release|iPhone.ActiveCfg = Release|iPhone
		{624CBFFC-434F-43D9-AECD-7185626532F2}.Release|iPhone.Build.0 = Release|iPhone
		{624CBFFC-434F-43D9-AECD-7185626532F2}.Release|iPhone.Deploy.0 = Release|iPhone
		{624CBFFC-434F-43D9-AECD-7185626532F2}.Release|iPhoneSimulator.ActiveCfg = Release|iPhoneSimulator
		{624CBFFC-434F-43D9-AECD-7185626532F2}.Release|iPhoneSimulator.Build.0 = Release|iPhoneSimulator
		{624CBFFC-434F-43D9-AECD-7185626532F2}.Release|iPhoneSimulator.Deploy.0 = Release|iPhoneSimulator
		{624CBFFC-434F-43D9-AECD-7185626532F2}.Release|x64.ActiveCfg = Release|iPhone
		{624CBFFC-434F-43D9-AECD-7185626532F2}.Release|x64.Build.0 = Release|iPhone
		{624CBFFC-434F-43D9-AECD-7185626532F2}.Release|x64.Deploy.0 = Release|iPhone
		{624CBFFC-434F-43D9-AECD-7185626532F2}.Release|x86.ActiveCfg = Release|iPhone
		{624CBFFC-434F-43D9-AECD-7185626532F2}.Release|x86.Build.0 = Release|iPhone
		{624CBFFC-434F-43D9-AECD-7185626532F2}.Release|x86.Deploy.0 = Release|iPhone
		{0F3921A1-CE33-41C5-A600-CF7F78193C2B}.Ad-Hoc|Any CPU.ActiveCfg = Release|x86
		{0F3921A1-CE33-41C5-A600-CF7F78193C2B}.Ad-Hoc|Any CPU.Build.0 = Release|x86
		{0F3921A1-CE33-41C5-A600-CF7F78193C2B}.Ad-Hoc|Any CPU.Deploy.0 = Release|x86
		{0F3921A1-CE33-41C5-A600-CF7F78193C2B}.Ad-Hoc|ARM.ActiveCfg = Release|ARM
		{0F3921A1-CE33-41C5-A600-CF7F78193C2B}.Ad-Hoc|ARM.Build.0 = Release|ARM
		{0F3921A1-CE33-41C5-A600-CF7F78193C2B}.Ad-Hoc|ARM.Deploy.0 = Release|ARM
		{0F3921A1-CE33-41C5-A600-CF7F78193C2B}.Ad-Hoc|iPhone.ActiveCfg = Release|x86
		{0F3921A1-CE33-41C5-A600-CF7F78193C2B}.Ad-Hoc|iPhone.Build.0 = Release|x86
		{0F3921A1-CE33-41C5-A600-CF7F78193C2B}.Ad-Hoc|iPhone.Deploy.0 = Release|x86
		{0F3921A1-CE33-41C5-A600-CF7F78193C2B}.Ad-Hoc|iPhoneSimulator.ActiveCfg = Release|x86
		{0F3921A1-CE33-41C5-A600-CF7F78193C2B}.Ad-Hoc|iPhoneSimulator.Build.0 = Release|x86
		{0F3921A1-CE33-41C5-A600-CF7F78193C2B}.Ad-Hoc|iPhoneSimulator.Deploy.0 = Release|x86
		{0F3921A1-CE33-41C5-A600-CF7F78193C2B}.Ad-Hoc|x64.ActiveCfg = Release|x64
		{0F3921A1-CE33-41C5-A600-CF7F78193C2B}.Ad-Hoc|x64.Build.0 = Release|x64
		{0F3921A1-CE33-41C5-A600-CF7F78193C2B}.Ad-Hoc|x64.Deploy.0 = Release|x64
		{0F3921A1-CE33-41C5-A600-CF7F78193C2B}.Ad-Hoc|x86.ActiveCfg = Release|x86
		{0F3921A1-CE33-41C5-A600-CF7F78193C2B}.Ad-Hoc|x86.Build.0 = Release|x86
		{0F3921A1-CE33-41C5-A600-CF7F78193C2B}.Ad-Hoc|x86.Deploy.0 = Release|x86
		{0F3921A1-CE33-41C5-A600-CF7F78193C2B}.AppStore|Any CPU.ActiveCfg = Release|x86
		{0F3921A1-CE33-41C5-A600-CF7F78193C2B}.AppStore|Any CPU.Build.0 = Release|x86
		{0F3921A1-CE33-41C5-A600-CF7F78193C2B}.AppStore|Any CPU.Deploy.0 = Release|x86
		{0F3921A1-CE33-41C5-A600-CF7F78193C2B}.AppStore|ARM.ActiveCfg = Release|ARM
		{0F3921A1-CE33-41C5-A600-CF7F78193C2B}.AppStore|ARM.Build.0 = Release|ARM
		{0F3921A1-CE33-41C5-A600-CF7F78193C2B}.AppStore|ARM.Deploy.0 = Release|ARM
		{0F3921A1-CE33-41C5-A600-CF7F78193C2B}.AppStore|iPhone.ActiveCfg = Release|x86
		{0F3921A1-CE33-41C5-A600-CF7F78193C2B}.AppStore|iPhone.Build.0 = Release|x86
		{0F3921A1-CE33-41C5-A600-CF7F78193C2B}.AppStore|iPhone.Deploy.0 = Release|x86
		{0F3921A1-CE33-41C5-A600-CF7F78193C2B}.AppStore|iPhoneSimulator.ActiveCfg = Release|x86
		{0F3921A1-CE33-41C5-A600-CF7F78193C2B}.AppStore|iPhoneSimulator.Build.0 = Release|x86
		{0F3921A1-CE33-41C5-A600-CF7F78193C2B}.AppStore|iPhoneSimulator.Deploy.0 = Release|x86
		{0F3921A1-CE33-41C5-A600-CF7F78193C2B}.AppStore|x64.ActiveCfg = Release|x64
		{0F3921A1-CE33-41C5-A600-CF7F78193C2B}.AppStore|x64.Build.0 = Release|x64
		{0F3921A1-CE33-41C5-A600-CF7F78193C2B}.AppStore|x64.Deploy.0 = Release|x64
		{0F3921A1-CE33-41C5-A600-CF7F78193C2B}.AppStore|x86.ActiveCfg = Release|x86
		{0F3921A1-CE33-41C5-A600-CF7F78193C2B}.AppStore|x86.Build.0 = Release|x86
		{0F3921A1-CE33-41C5-A600-CF7F78193C2B}.AppStore|x86.Deploy.0 = Release|x86
		{0F3921A1-CE33-41C5-A600-CF7F78193C2B}.Debug|Any CPU.ActiveCfg = Debug|x86
		{0F3921A1-CE33-41C5-A600-CF7F78193C2B}.Debug|Any CPU.Build.0 = Debug|x86
		{0F3921A1-CE33-41C5-A600-CF7F78193C2B}.Debug|Any CPU.Deploy.0 = Debug|x86
		{0F3921A1-CE33-41C5-A600-CF7F78193C2B}.Debug|ARM.ActiveCfg = Debug|ARM
		{0F3921A1-CE33-41C5-A600-CF7F78193C2B}.Debug|ARM.Build.0 = Debug|ARM
		{0F3921A1-CE33-41C5-A600-CF7F78193C2B}.Debug|ARM.Deploy.0 = Debug|ARM
		{0F3921A1-CE33-41C5-A600-CF7F78193C2B}.Debug|iPhone.ActiveCfg = Debug|x86
		{0F3921A1-CE33-41C5-A600-CF7F78193C2B}.Debug|iPhone.Build.0 = Debug|x86
		{0F3921A1-CE33-41C5-A600-CF7F78193C2B}.Debug|iPhone.Deploy.0 = Debug|x86
		{0F3921A1-CE33-41C5-A600-CF7F78193C2B}.Debug|iPhoneSimulator.ActiveCfg = Debug|x86
		{0F3921A1-CE33-41C5-A600-CF7F78193C2B}.Debug|iPhoneSimulator.Build.0 = Debug|x86
		{0F3921A1-CE33-41C5-A600-CF7F78193C2B}.Debug|iPhoneSimulator.Deploy.0 = Debug|x86
		{0F3921A1-CE33-41C5-A600-CF7F78193C2B}.Debug|x64.ActiveCfg = Debug|x64
		{0F3921A1-CE33-41C5-A600-CF7F78193C2B}.Debug|x64.Build.0 = Debug|x64
		{0F3921A1-CE33-41C5-A600-CF7F78193C2B}.Debug|x64.Deploy.0 = Debug|x64
		{0F3921A1-CE33-41C5-A600-CF7F78193C2B}.Debug|x86.ActiveCfg = Debug|x86
		{0F3921A1-CE33-41C5-A600-CF7F78193C2B}.Debug|x86.Build.0 = Debug|x86
		{0F3921A1-CE33-41C5-A600-CF7F78193C2B}.Debug|x86.Deploy.0 = Debug|x86
		{0F3921A1-CE33-41C5-A600-CF7F78193C2B}.Release|Any CPU.ActiveCfg = Release|x86
		{0F3921A1-CE33-41C5-A600-CF7F78193C2B}.Release|Any CPU.Build.0 = Release|x86
		{0F3921A1-CE33-41C5-A600-CF7F78193C2B}.Release|Any CPU.Deploy.0 = Release|x86
		{0F3921A1-CE33-41C5-A600-CF7F78193C2B}.Release|ARM.ActiveCfg = Release|ARM
		{0F3921A1-CE33-41C5-A600-CF7F78193C2B}.Release|ARM.Build.0 = Release|ARM
		{0F3921A1-CE33-41C5-A600-CF7F78193C2B}.Release|ARM.Deploy.0 = Release|ARM
		{0F3921A1-CE33-41C5-A600-CF7F78193C2B}.Release|iPhone.ActiveCfg = Release|x86
		{0F3921A1-CE33-41C5-A600-CF7F78193C2B}.Release|iPhone.Build.0 = Release|x86
		{0F3921A1-CE33-41C5-A600-CF7F78193C2B}.Release|iPhone.Deploy.0 = Release|x86
		{0F3921A1-CE33-41C5-A600-CF7F78193C2B}.Release|iPhoneSimulator.ActiveCfg = Release|x86
		{0F3921A1-CE33-41C5-A600-CF7F78193C2B}.Release|iPhoneSimulator.Build.0 = Release|x86
		{0F3921A1-CE33-41C5-A600-CF7F78193C2B}.Release|iPhoneSimulator.Deploy.0 = Release|x86
		{0F3921A1-CE33-41C5-A600-CF7F78193C2B}.Release|x64.ActiveCfg = Release|x64
		{0F3921A1-CE33-41C5-A600-CF7F78193C2B}.Release|x64.Build.0 = Release|x64
		{0F3921A1-CE33-41C5-A600-CF7F78193C2B}.Release|x64.Deploy.0 = Release|x64
		{0F3921A1-CE33-41C5-A600-CF7F78193C2B}.Release|x86.ActiveCfg = Release|x86
		{0F3921A1-CE33-41C5-A600-CF7F78193C2B}.Release|x86.Build.0 = Release|x86
		{0F3921A1-CE33-41C5-A600-CF7F78193C2B}.Release|x86.Deploy.0 = Release|x86
		{57272016-5C7C-4549-B3EF-13174F32838B}.Ad-Hoc|Any CPU.ActiveCfg = Debug|Any CPU
		{57272016-5C7C-4549-B3EF-13174F32838B}.Ad-Hoc|Any CPU.Build.0 = Debug|Any CPU
		{57272016-5C7C-4549-B3EF-13174F32838B}.Ad-Hoc|Any CPU.Deploy.0 = Debug|Any CPU
		{57272016-5C7C-4549-B3EF-13174F32838B}.Ad-Hoc|ARM.ActiveCfg = Debug|Any CPU
		{57272016-5C7C-4549-B3EF-13174F32838B}.Ad-Hoc|ARM.Build.0 = Debug|Any CPU
		{57272016-5C7C-4549-B3EF-13174F32838B}.Ad-Hoc|ARM.Deploy.0 = Debug|Any CPU
		{57272016-5C7C-4549-B3EF-13174F32838B}.Ad-Hoc|iPhone.ActiveCfg = Debug|Any CPU
		{57272016-5C7C-4549-B3EF-13174F32838B}.Ad-Hoc|iPhone.Build.0 = Debug|Any CPU
		{57272016-5C7C-4549-B3EF-13174F32838B}.Ad-Hoc|iPhone.Deploy.0 = Debug|Any CPU
		{57272016-5C7C-4549-B3EF-13174F32838B}.Ad-Hoc|iPhoneSimulator.ActiveCfg = Debug|Any CPU
		{57272016-5C7C-4549-B3EF-13174F32838B}.Ad-Hoc|iPhoneSimulator.Build.0 = Debug|Any CPU
		{57272016-5C7C-4549-B3EF-13174F32838B}.Ad-Hoc|iPhoneSimulator.Deploy.0 = Debug|Any CPU
		{57272016-5C7C-4549-B3EF-13174F32838B}.Ad-Hoc|x64.ActiveCfg = Debug|Any CPU
		{57272016-5C7C-4549-B3EF-13174F32838B}.Ad-Hoc|x64.Build.0 = Debug|Any CPU
		{57272016-5C7C-4549-B3EF-13174F32838B}.Ad-Hoc|x64.Deploy.0 = Debug|Any CPU
		{57272016-5C7C-4549-B3EF-13174F32838B}.Ad-Hoc|x86.ActiveCfg = Debug|Any CPU
		{57272016-5C7C-4549-B3EF-13174F32838B}.Ad-Hoc|x86.Build.0 = Debug|Any CPU
		{57272016-5C7C-4549-B3EF-13174F32838B}.Ad-Hoc|x86.Deploy.0 = Debug|Any CPU
		{57272016-5C7C-4549-B3EF-13174F32838B}.AppStore|Any CPU.ActiveCfg = Debug|Any CPU
		{57272016-5C7C-4549-B3EF-13174F32838B}.AppStore|Any CPU.Build.0 = Debug|Any CPU
		{57272016-5C7C-4549-B3EF-13174F32838B}.AppStore|Any CPU.Deploy.0 = Debug|Any CPU
		{57272016-5C7C-4549-B3EF-13174F32838B}.AppStore|ARM.ActiveCfg = Debug|Any CPU
		{57272016-5C7C-4549-B3EF-13174F32838B}.AppStore|ARM.Build.0 = Debug|Any CPU
		{57272016-5C7C-4549-B3EF-13174F32838B}.AppStore|ARM.Deploy.0 = Debug|Any CPU
		{57272016-5C7C-4549-B3EF-13174F32838B}.AppStore|iPhone.ActiveCfg = Debug|Any CPU
		{57272016-5C7C-4549-B3EF-13174F32838B}.AppStore|iPhone.Build.0 = Debug|Any CPU
		{57272016-5C7C-4549-B3EF-13174F32838B}.AppStore|iPhone.Deploy.0 = Debug|Any CPU
		{57272016-5C7C-4549-B3EF-13174F32838B}.AppStore|iPhoneSimulator.ActiveCfg = Debug|Any CPU
		{57272016-5C7C-4549-B3EF-13174F32838B}.AppStore|iPhoneSimulator.Build.0 = Debug|Any CPU
		{57272016-5C7C-4549-B3EF-13174F32838B}.AppStore|iPhoneSimulator.Deploy.0 = Debug|Any CPU
		{57272016-5C7C-4549-B3EF-13174F32838B}.AppStore|x64.ActiveCfg = Debug|Any CPU
		{57272016-5C7C-4549-B3EF-13174F32838B}.AppStore|x64.Build.0 = Debug|Any CPU
		{57272016-5C7C-4549-B3EF-13174F32838B}.AppStore|x64.Deploy.0 = Debug|Any CPU
		{57272016-5C7C-4549-B3EF-13174F32838B}.AppStore|x86.ActiveCfg = Debug|Any CPU
		{57272016-5C7C-4549-B3EF-13174F32838B}.AppStore|x86.Build.0 = Debug|Any CPU
		{57272016-5C7C-4549-B3EF-13174F32838B}.AppStore|x86.Deploy.0 = Debug|Any CPU
		{57272016-5C7C-4549-B3EF-13174F32838B}.Debug|Any CPU.ActiveCfg = Debug|Any CPU
		{57272016-5C7C-4549-B3EF-13174F32838B}.Debug|Any CPU.Build.0 = Debug|Any CPU
		{57272016-5C7C-4549-B3EF-13174F32838B}.Debug|Any CPU.Deploy.0 = Debug|Any CPU
		{57272016-5C7C-4549-B3EF-13174F32838B}.Debug|ARM.ActiveCfg = Debug|Any CPU
		{57272016-5C7C-4549-B3EF-13174F32838B}.Debug|ARM.Build.0 = Debug|Any CPU
		{57272016-5C7C-4549-B3EF-13174F32838B}.Debug|ARM.Deploy.0 = Debug|Any CPU
		{57272016-5C7C-4549-B3EF-13174F32838B}.Debug|iPhone.ActiveCfg = Debug|Any CPU
		{57272016-5C7C-4549-B3EF-13174F32838B}.Debug|iPhone.Build.0 = Debug|Any CPU
		{57272016-5C7C-4549-B3EF-13174F32838B}.Debug|iPhone.Deploy.0 = Debug|Any CPU
		{57272016-5C7C-4549-B3EF-13174F32838B}.Debug|iPhoneSimulator.ActiveCfg = Debug|Any CPU
		{57272016-5C7C-4549-B3EF-13174F32838B}.Debug|iPhoneSimulator.Build.0 = Debug|Any CPU
		{57272016-5C7C-4549-B3EF-13174F32838B}.Debug|iPhoneSimulator.Deploy.0 = Debug|Any CPU
		{57272016-5C7C-4549-B3EF-13174F32838B}.Debug|x64.ActiveCfg = Debug|Any CPU
		{57272016-5C7C-4549-B3EF-13174F32838B}.Debug|x64.Build.0 = Debug|Any CPU
		{57272016-5C7C-4549-B3EF-13174F32838B}.Debug|x64.Deploy.0 = Debug|Any CPU
		{57272016-5C7C-4549-B3EF-13174F32838B}.Debug|x86.ActiveCfg = Debug|Any CPU
		{57272016-5C7C-4549-B3EF-13174F32838B}.Debug|x86.Build.0 = Debug|Any CPU
		{57272016-5C7C-4549-B3EF-13174F32838B}.Debug|x86.Deploy.0 = Debug|Any CPU
		{57272016-5C7C-4549-B3EF-13174F32838B}.Release|Any CPU.ActiveCfg = Release|Any CPU
		{57272016-5C7C-4549-B3EF-13174F32838B}.Release|Any CPU.Build.0 = Release|Any CPU
		{57272016-5C7C-4549-B3EF-13174F32838B}.Release|Any CPU.Deploy.0 = Release|Any CPU
		{57272016-5C7C-4549-B3EF-13174F32838B}.Release|ARM.ActiveCfg = Release|Any CPU
		{57272016-5C7C-4549-B3EF-13174F32838B}.Release|ARM.Build.0 = Release|Any CPU
		{57272016-5C7C-4549-B3EF-13174F32838B}.Release|ARM.Deploy.0 = Release|Any CPU
		{57272016-5C7C-4549-B3EF-13174F32838B}.Release|iPhone.ActiveCfg = Release|Any CPU
		{57272016-5C7C-4549-B3EF-13174F32838B}.Release|iPhone.Build.0 = Release|Any CPU
		{57272016-5C7C-4549-B3EF-13174F32838B}.Release|iPhone.Deploy.0 = Release|Any CPU
		{57272016-5C7C-4549-B3EF-13174F32838B}.Release|iPhoneSimulator.ActiveCfg = Release|Any CPU
		{57272016-5C7C-4549-B3EF-13174F32838B}.Release|iPhoneSimulator.Build.0 = Release|Any CPU
		{57272016-5C7C-4549-B3EF-13174F32838B}.Release|iPhoneSimulator.Deploy.0 = Release|Any CPU
		{57272016-5C7C-4549-B3EF-13174F32838B}.Release|x64.ActiveCfg = Release|Any CPU
		{57272016-5C7C-4549-B3EF-13174F32838B}.Release|x64.Build.0 = Release|Any CPU
		{57272016-5C7C-4549-B3EF-13174F32838B}.Release|x64.Deploy.0 = Release|Any CPU
		{57272016-5C7C-4549-B3EF-13174F32838B}.Release|x86.ActiveCfg = Release|Any CPU
		{57272016-5C7C-4549-B3EF-13174F32838B}.Release|x86.Build.0 = Release|Any CPU
		{57272016-5C7C-4549-B3EF-13174F32838B}.Release|x86.Deploy.0 = Release|Any CPU
	EndGlobalSection
	GlobalSection(SolutionProperties) = preSolution
		HideSolutionNode = FALSE
	EndGlobalSection
	GlobalSection(ExtensibilityGlobals) = postSolution
		SolutionGuid = {2EC358AA-BDE7-405E-98A2-C84E114098DB}
	EndGlobalSection
EndGlobal
